
Microsoft Visual Studio Solution File, Format Version 12.00
# Visual Studio Version 17
VisualStudioVersion = 17.1.32414.318
MinimumVisualStudioVersion = 10.0.40219.1
Project("{9A19103F-16F7-4668-BE54-9A1E7A4F7556}") = "SteamworksNetworking", "SteamNetworking\SteamworksNetworking.csproj", "{CBFA9B9C-E523-4F35-B9DE-07562BF71912}"
EndProject
Project("{9A19103F-16F7-4668-BE54-9A1E7A4F7556}") = "Demo", "Demo\Demo.csproj", "{5AFB98BA-13B4-4E0C-AA2C-965534AE08FA}"
EndProject
Global
	GlobalSection(SolutionConfigurationPlatforms) = preSolution
		Debug|Any CPU = Debug|Any CPU
		Release|Any CPU = Release|Any CPU
	EndGlobalSection
	GlobalSection(ProjectConfigurationPlatforms) = postSolution
		{CBFA9B9C-E523-4F35-B9DE-07562BF71912}.Debug|Any CPU.ActiveCfg = Debug|Any CPU
		{CBFA9B9C-E523-4F35-B9DE-07562BF71912}.Debug|Any CPU.Build.0 = Debug|Any CPU
		{CBFA9B9C-E523-4F35-B9DE-07562BF71912}.Release|Any CPU.ActiveCfg = Release|Any CPU
		{CBFA9B9C-E523-4F35-B9DE-07562BF71912}.Release|Any CPU.Build.0 = Release|Any CPU
		{5AFB98BA-13B4-4E0C-AA2C-965534AE08FA}.Debug|Any CPU.ActiveCfg = Debug|Any CPU
		{5AFB98BA-13B4-4E0C-AA2C-965534AE08FA}.Debug|Any CPU.Build.0 = Debug|Any CPU
		{5AFB98BA-13B4-4E0C-AA2C-965534AE08FA}.Release|Any CPU.ActiveCfg = Release|Any CPU
		{5AFB98BA-13B4-4E0C-AA2C-965534AE08FA}.Release|Any CPU.Build.0 = Release|Any CPU
	EndGlobalSection
	GlobalSection(SolutionProperties) = preSolution
		HideSolutionNode = FALSE
	EndGlobalSection
	GlobalSection(ExtensibilityGlobals) = postSolution
		SolutionGuid = {54414146-C193-4BC2-BE00-8AFF33D3BC53}
	EndGlobalSection
EndGlobal
